# THIS IS AN AUTOGENERATED FILE. DO NOT EDIT THIS FILE DIRECTLY.
# yarn lockfile v1


"@phc/format@^0.4.2":
  version "0.4.3"
  resolved "https://registry.yarnpkg.com/@phc/format/-/format-0.4.3.tgz#af4c95db92d040f2ab008def34529acba642a126"
  integrity sha512-UEgVMbufNOVXwTgykJ1v2q6Z2T10bfVjCxV/uYZKDI+14gMemoFOzt+4h1zyqy0QNFShP6QgsU+Sn+lRPYkaYw==
  dependencies:
    safe-buffer "^5.1.2"

any-promise@^1.3.0:
  version "1.3.0"
  resolved "https://registry.yarnpkg.com/any-promise/-/any-promise-1.3.0.tgz#abc6afeedcea52e809cdc0376aed3ce39635d17f"
  integrity sha1-q8av7tzqUugJzcA3au0845Y10X8=

argon2@^0.19.3:
  version "0.19.3"
  resolved "https://registry.yarnpkg.com/argon2/-/argon2-0.19.3.tgz#4e59cb3bcf5d1f09ca07b452716334670ef9a0b7"
  integrity sha1-TlnLO89dHwnKB7RScWM0Zw75oLc=
  dependencies:
    "@phc/format" "^0.4.2"
    any-promise "^1.3.0"
    bindings "^1.3.0"
    nan "^2.10.0"

bindings@^1.3.0:
  version "1.3.0"
  resolved "https://registry.yarnpkg.com/bindings/-/bindings-1.3.0.tgz#b346f6ecf6a95f5a815c5839fc7cdb22502f1ed7"
  integrity sha512-DpLh5EzMR2kzvX1KIlVC0VkC3iZtHKTgdtZ0a3pglBZdaQFjt5S9g9xd1lE+YvXyfd6mtCeRnrUfOLYiTMlNSw==

kdbxweb@^1.2.4:
  version "1.2.5"
  resolved "https://registry.yarnpkg.com/kdbxweb/-/kdbxweb-1.2.5.tgz#839ce850fb4d77f08ddd8d4c388dccbdc848b931"
  integrity sha512-DDlKR3Z//yP/pEX1AUDnTYVdQO36t9lh1k6tRX/PdCKJaiOTbp9mrmSgzuS7AsRoyEzeEFRbIaqToXC2ZNGG9w==
  dependencies:
    pako "github:keeweb/pako#653c0b00d8941c89d09ed4546d2179001ec44efc"
    text-encoding "github:keeweb/text-encoding#4dfb7cb0954c222852092f8b06ae4f6b4f60bfbb"
    xmldom "github:keeweb/xmldom#ec8f61f723e2f403adaf7a1bbf55ced4ff1ea0c6"

nan@^2.10.0:
  version "2.11.0"
  resolved "https://registry.yarnpkg.com/nan/-/nan-2.11.0.tgz#574e360e4d954ab16966ec102c0c049fd961a099"
  integrity sha512-F4miItu2rGnV2ySkXOQoA8FKz/SR2Q2sWP0sbTxNxz/tuokeC8WxOhPMcwi0qIyGtVn/rrSeLbvVkznqCdwYnw==

"pako@github:keeweb/pako#653c0b00d8941c89d09ed4546d2179001ec44efc":
  version "1.0.3"
  resolved "https://codeload.github.com/keeweb/pako/tar.gz/653c0b00d8941c89d09ed4546d2179001ec44efc"

safe-buffer@^5.1.2:
  version "5.1.2"
  resolved "https://registry.yarnpkg.com/safe-buffer/-/safe-buffer-5.1.2.tgz#991ec69d296e0313747d59bdfd2b745c35f8828d"
  integrity sha512-Gd2UZBJDkXlY7GbJxfsE8/nvKkUEU1G38c1siN6QP6a9PT9MmHB8GnpscSmMJSoF8LOIrt8ud/wPtojys4G6+g==

"text-encoding@github:keeweb/text-encoding#4dfb7cb0954c222852092f8b06ae4f6b4f60bfbb":
  version "0.6.0"
  resolved "https://codeload.github.com/keeweb/text-encoding/tar.gz/4dfb7cb0954c222852092f8b06ae4f6b4f60bfbb"

"xmldom@github:keeweb/xmldom#ec8f61f723e2f403adaf7a1bbf55ced4ff1ea0c6":
  version "0.1.21"
  resolved "https://codeload.github.com/keeweb/xmldom/tar.gz/ec8f61f723e2f403adaf7a1bbf55ced4ff1ea0c6"
