# THIS IS AN AUTOGENERATED FILE. DO NOT EDIT THIS FILE DIRECTLY.
# yarn lockfile v1


"@phc/format@^0.5.0":
  version "0.5.0"
  resolved "https://registry.yarnpkg.com/@phc/format/-/format-0.5.0.tgz#a99d27a83d78b3100a191412adda04315e2e3aba"
  integrity sha512-JWtZ5P1bfXU0bAtTzCpOLYHDXuxSVdtL/oqz4+xa97h8w9E5IlVN333wugXVFv8vZ1hbXObKQf1ptXmFFcMByg==
  dependencies:
    safe-buffer "^5.1.2"

argon2@^0.23.0:
  version "0.23.0"
  resolved "https://registry.yarnpkg.com/argon2/-/argon2-0.23.0.tgz#0b3cd77ed1501b2ebef23462d91cf114dfee5562"
  integrity sha512-+CC/bLeHF3c1JmTgmeuVSCsNc/hk2yFPYdxvfX37G6VHgZAZ0gMezPI/qsYUy4YXGya8dGBUEu85itYtf8eIQQ==
  dependencies:
    "@phc/format" "^0.5.0"
    node-addon-api "^1.6.3"
    node-gyp-build "^4.1.0"

kdbxweb@^1.2.4:
  version "1.2.5"
  resolved "https://registry.yarnpkg.com/kdbxweb/-/kdbxweb-1.2.5.tgz#839ce850fb4d77f08ddd8d4c388dccbdc848b931"
  integrity sha512-DDlKR3Z//yP/pEX1AUDnTYVdQO36t9lh1k6tRX/PdCKJaiOTbp9mrmSgzuS7AsRoyEzeEFRbIaqToXC2ZNGG9w==
  dependencies:
    pako "github:keeweb/pako#653c0b00d8941c89d09ed4546d2179001ec44efc"
    text-encoding "github:keeweb/text-encoding#4dfb7cb0954c222852092f8b06ae4f6b4f60bfbb"
    xmldom "github:keeweb/xmldom#ec8f61f723e2f403adaf7a1bbf55ced4ff1ea0c6"

node-addon-api@^1.6.3:
  version "1.6.3"
  resolved "https://registry.yarnpkg.com/node-addon-api/-/node-addon-api-1.6.3.tgz#3998d4593e2dca2ea82114670a4eb003386a9fe1"
  integrity sha512-FXWH6mqjWgU8ewuahp4spec8LkroFZK2NicOv6bNwZC3kcwZUI8LeZdG80UzTSLLhK4T7MsgNwlYDVRlDdfTDg==

node-gyp-build@^4.1.0:
  version "4.1.0"
  resolved "https://registry.yarnpkg.com/node-gyp-build/-/node-gyp-build-4.1.0.tgz#3bc3dd7dd4aafecaf64a2e3729e785bc3cdea565"
  integrity sha512-rGLv++nK20BG8gc0MzzcYe1Nl3p3mtwJ74Q2QD0HTEDKZ6NvOFSelY6s2QBPWIHRR8h7hpad0LiwajfClBJfNg==

"pako@github:keeweb/pako#653c0b00d8941c89d09ed4546d2179001ec44efc":
  version "1.0.3"
  resolved "https://codeload.github.com/keeweb/pako/tar.gz/653c0b00d8941c89d09ed4546d2179001ec44efc"

safe-buffer@^5.1.2:
  version "5.1.2"
  resolved "https://registry.yarnpkg.com/safe-buffer/-/safe-buffer-5.1.2.tgz#991ec69d296e0313747d59bdfd2b745c35f8828d"
  integrity sha512-Gd2UZBJDkXlY7GbJxfsE8/nvKkUEU1G38c1siN6QP6a9PT9MmHB8GnpscSmMJSoF8LOIrt8ud/wPtojys4G6+g==

"text-encoding@github:keeweb/text-encoding#4dfb7cb0954c222852092f8b06ae4f6b4f60bfbb":
  version "0.6.0"
  resolved "https://codeload.github.com/keeweb/text-encoding/tar.gz/4dfb7cb0954c222852092f8b06ae4f6b4f60bfbb"

"xmldom@github:keeweb/xmldom#ec8f61f723e2f403adaf7a1bbf55ced4ff1ea0c6":
  version "0.1.21"
  resolved "https://codeload.github.com/keeweb/xmldom/tar.gz/ec8f61f723e2f403adaf7a1bbf55ced4ff1ea0c6"
