{
    "name": "iota-wallet",
    "version": "0.0.0",
    "lockfileVersion": 1,
    "requires": true,
    "dependencies": {
        "eslint-plugin-babel": {
            "version": "4.1.2",
            "resolved": "https://registry.npmjs.org/eslint-plugin-babel/-/eslint-plugin-babel-4.1.2.tgz",
            "integrity": "sha1-eSAqDjV1fdkngJGbIzbx+i/lPB4="
        },
        "keytar": {
            "version": "4.0.5",
            "resolved": "https://registry.npmjs.org/keytar/-/keytar-4.0.5.tgz",
            "integrity": "sha1-zBJV7wbu6hoSRAt3P31KN1sEhyk=",
            "requires": {
                "nan": "2.5.1"
            }
        },
        "nan": {
            "version": "2.5.1",
            "resolved": "https://registry.npmjs.org/nan/-/nan-2.5.1.tgz",
            "integrity": "sha1-1bAWkSUzJql6K77p5hxV2NYDUeI="
        }
    }
}
