{
    "name": "iota-wallet",
    "version": "0.0.0",
    "lockfileVersion": 1,
    "requires": true,
    "dependencies": {
        "clone": {
            "version": "2.1.1",
            "resolved": "https://registry.npmjs.org/clone/-/clone-2.1.1.tgz",
            "integrity": "sha1-0hfR6WERjjrJpLi7oyhVU79kfNs="
        },
        "electron-settings": {
            "version": "3.1.4",
            "resolved": "https://registry.npmjs.org/electron-settings/-/electron-settings-3.1.4.tgz",
            "integrity": "sha512-5AVJGE7+5Fwbui3PKs365vp/vGVpGGXlN1elBx/hAXVazmAtbY2jS0DOD7fBsVxzgCUiRCtR3tQvTF4cYLq/Sw==",
            "requires": {
                "clone": "2.1.1",
                "jsonfile": "4.0.0"
            }
        },
        "graceful-fs": {
            "version": "4.1.11",
            "resolved": "https://registry.npmjs.org/graceful-fs/-/graceful-fs-4.1.11.tgz",
            "integrity": "sha1-Dovf5NHduIVNZOBOp8AOKgJuVlg=",
            "optional": true
        },
        "jsonfile": {
            "version": "4.0.0",
            "resolved": "https://registry.npmjs.org/jsonfile/-/jsonfile-4.0.0.tgz",
            "integrity": "sha1-h3Gq4HmbZAdrdmQPygWPnBDjPss=",
            "requires": {
                "graceful-fs": "4.1.11"
            }
        }
    }
}
