{
    "name": "iota-wallet",
    "version": "0.0.0",
    "lockfileVersion": 1,
    "requires": true,
    "dependencies": {
        "react-native-html-to-pdf": {
            "version": "0.4.0",
            "resolved": "https://registry.npmjs.org/react-native-html-to-pdf/-/react-native-html-to-pdf-0.4.0.tgz",
            "integrity": "sha1-k6GvMdsSwOf07FHFaQcNjmEXdHk="
        },
        "react-native-print": {
            "version": "0.3.0",
            "resolved": "https://registry.npmjs.org/react-native-print/-/react-native-print-0.3.0.tgz",
            "integrity": "sha1-hwCCzdFMwaBkzw+jt0YJMssDJ2g="
        }
    }
}
