PODS:
  - CatCrypto (0.2.3)

DEPENDENCIES:
  - CatCrypto (from `https://github.com/cvarley100/CatCrypto`)

EXTERNAL SOURCES:
  CatCrypto:
    :git: https://github.com/cvarley100/CatCrypto

CHECKOUT OPTIONS:
  CatCrypto:
    :commit: 9a59ae3fc0da6bb80391f1f2e3ea90cc52c0d696
    :git: https://github.com/cvarley100/CatCrypto

SPEC CHECKSUMS:
  CatCrypto: d3e607c328f7edc8befdf384515a38168e05c14e

PODFILE CHECKSUM: 7619b85bbe8ab7c8bba2f208b605b5da54ede984

COCOAPODS: 1.5.3
