PODS:
  - Crashlytics (3.10.1):
    - Fabric (~> 1.7.5)
  - Fabric (1.7.5)
  - IotaKit (0.6.2)

DEPENDENCIES:
  - Crashlytics
  - Fabric
  - IotaKit (~> 0.6.1)

SPEC CHECKSUMS:
  Crashlytics: aee1a064cbbf99b32efa3f056a5f458d846bc8ff
  Fabric: ae7146a5f505ea370a1e44820b4b1dc8890e2890
  IotaKit: e9ac21eae53b5d198c9b9a8400dc66f6fcf70958

PODFILE CHECKSUM: cfb9cfcda77854ef9147e9d717ab9c4c74e18210

COCOAPODS: 1.4.0
