{
    "name": "iota-mobile-wallet",
    "version": "0.2.1",
    "lockfileVersion": 1,
    "requires": true,
    "dependencies": {
        "react-native-flag-secure-android": {
            "version": "github:kristiansorens/react-native-flag-secure-android#e234251220f5d745eec8ebde3e83d4d369e81a14"
        }
    }
}
