{
    "name": "iota-desktop-wallet",
    "version": "0.1.0",
    "lockfileVersion": 1,
    "requires": true,
    "dependencies": {
        "json-stringify-safe": {
            "version": "5.0.1",
            "resolved": "https://registry.npmjs.org/json-stringify-safe/-/json-stringify-safe-5.0.1.tgz",
            "integrity": "sha1-Epai1Y/UXxmg9s4B1lcB4sc1tus=",
            "dev": true
        },
        "lodash": {
            "version": "4.17.5",
            "resolved": "https://registry.npmjs.org/lodash/-/lodash-4.17.5.tgz",
            "integrity": "sha512-svL3uiZf1RwhH+cWrfZn3A4+U58wbP0tGVTLQPbjplZxZ8ROD9VLuNgsRniTlLe7OlSqR79RUehXgpBW/s0IQw==",
            "dev": true
        },
        "lodash-es": {
            "version": "4.17.5",
            "resolved": "https://registry.npmjs.org/lodash-es/-/lodash-es-4.17.5.tgz",
            "integrity": "sha512-Ez3ONp3TK9gX1HYKp6IhetcVybD+2F+Yp6GS9dfH8ue6EOCEzQtQEh4K0FYWBP9qLv+lzeQAYXw+3ySfxyZqkw==",
            "dev": true
        },
        "redux-persist": {
            "version": "4.10.2",
            "resolved": "https://registry.npmjs.org/redux-persist/-/redux-persist-4.10.2.tgz",
            "integrity": "sha512-U+e0ieMGC69Zr72929iJW40dEld7Mflh6mu0eJtVMLGfMq/aJqjxUM1hzyUWMR1VUyAEEdPHuQmeq5ti9krIgg==",
            "dev": true,
            "requires": {
                "json-stringify-safe": "5.0.1",
                "lodash": "4.17.5",
                "lodash-es": "4.17.5"
            }
        }
    }
}
